
Microsoft Visual Studio Solution File, Format Version 12.00
# Visual Studio Version 17
VisualStudioVersion = 17.3.32901.215
MinimumVisualStudioVersion = 10.0.40219.1
Project("{FAE04EC0-301F-11D3-BF4B-00C04F79EFBC}") = "dz3_13", "dz3_13\dz3_13.csproj", "{DA9E51DA-17E9-4751-8373-B5B2E2083558}"
EndProject
Global
	GlobalSection(SolutionConfigurationPlatforms) = preSolution
		Debug|Any CPU = Debug|Any CPU
		Release|Any CPU = Release|Any CPU
	EndGlobalSection
	GlobalSection(ProjectConfigurationPlatforms) = postSolution
		{DA9E51DA-17E9-4751-8373-B5B2E2083558}.Debug|Any CPU.ActiveCfg = Debug|Any CPU
		{DA9E51DA-17E9-4751-8373-B5B2E2083558}.Debug|Any CPU.Build.0 = Debug|Any CPU
		{DA9E51DA-17E9-4751-8373-B5B2E2083558}.Release|Any CPU.ActiveCfg = Release|Any CPU
		{DA9E51DA-17E9-4751-8373-B5B2E2083558}.Release|Any CPU.Build.0 = Release|Any CPU
	EndGlobalSection
	GlobalSection(SolutionProperties) = preSolution
		HideSolutionNode = FALSE
	EndGlobalSection
	GlobalSection(ExtensibilityGlobals) = postSolution
		SolutionGuid = {F4FBA144-EC6D-4E08-A477-A15E6E1904F9}
	EndGlobalSection
EndGlobal
