
Microsoft Visual Studio Solution File, Format Version 12.00
# Visual Studio Version 17
VisualStudioVersion = 17.3.32901.215
MinimumVisualStudioVersion = 10.0.40219.1
Project("{9A19103F-16F7-4668-BE54-9A1E7A4F7556}") = "dz5_2", "dz5_2\dz5_2.csproj", "{C47CD179-FA50-42B4-9571-206D2ED00DA9}"
EndProject
Global
	GlobalSection(SolutionConfigurationPlatforms) = preSolution
		Debug|Any CPU = Debug|Any CPU
		Release|Any CPU = Release|Any CPU
	EndGlobalSection
	GlobalSection(ProjectConfigurationPlatforms) = postSolution
		{C47CD179-FA50-42B4-9571-206D2ED00DA9}.Debug|Any CPU.ActiveCfg = Debug|Any CPU
		{C47CD179-FA50-42B4-9571-206D2ED00DA9}.Debug|Any CPU.Build.0 = Debug|Any CPU
		{C47CD179-FA50-42B4-9571-206D2ED00DA9}.Release|Any CPU.ActiveCfg = Release|Any CPU
		{C47CD179-FA50-42B4-9571-206D2ED00DA9}.Release|Any CPU.Build.0 = Release|Any CPU
	EndGlobalSection
	GlobalSection(SolutionProperties) = preSolution
		HideSolutionNode = FALSE
	EndGlobalSection
	GlobalSection(ExtensibilityGlobals) = postSolution
		SolutionGuid = {420DB93E-9D7F-4E8D-A7CC-5E50BD646200}
	EndGlobalSection
EndGlobal
